
Microsoft Visual Studio Solution File, Format Version 12.00
# Visual Studio Version 16
VisualStudioVersion = 16.0.32228.343
MinimumVisualStudioVersion = 10.0.40219.1
Project("{FAE04EC0-301F-11D3-BF4B-00C04F79EFBC}") = "Bot Scout RAPID REACT", "Bot Scout RAPID REACT\Bot Scout RAPID REACT.csproj", "{C1C199C5-544B-439C-B04E-DF7C92ACEC98}"
EndProject
Global
	GlobalSection(SolutionConfigurationPlatforms) = preSolution
		Debug|Any CPU = Debug|Any CPU
		Release|Any CPU = Release|Any CPU
	EndGlobalSection
	GlobalSection(ProjectConfigurationPlatforms) = postSolution
		{C1C199C5-544B-439C-B04E-DF7C92ACEC98}.Debug|Any CPU.ActiveCfg = Debug|Any CPU
		{C1C199C5-544B-439C-B04E-DF7C92ACEC98}.Debug|Any CPU.Build.0 = Debug|Any CPU
		{C1C199C5-544B-439C-B04E-DF7C92ACEC98}.Release|Any CPU.ActiveCfg = Release|Any CPU
		{C1C199C5-544B-439C-B04E-DF7C92ACEC98}.Release|Any CPU.Build.0 = Release|Any CPU
	EndGlobalSection
	GlobalSection(SolutionProperties) = preSolution
		HideSolutionNode = FALSE
	EndGlobalSection
	GlobalSection(ExtensibilityGlobals) = postSolution
		SolutionGuid = {D1D5C036-E181-4C26-AB4C-2AD8F3E1DE54}
	EndGlobalSection
EndGlobal
